
Microsoft Visual Studio Solution File, Format Version 12.00
# Visual Studio 15
VisualStudioVersion = 15.0.27428.2037
MinimumVisualStudioVersion = 10.0.40219.1
Project("{FAE04EC0-301F-11D3-BF4B-00C04F79EFBC}") = "ReverseConnectionBot", "ReverseConnectionBot\ReverseConnectionBot.csproj", "{22B81C47-5BFF-41D1-AD9E-ECC1BA7DD40E}"
EndProject
Project("{FAE04EC0-301F-11D3-BF4B-00C04F79EFBC}") = "RemoteBot", "RemoteBot\RemoteBot.csproj", "{5CC9A9E7-498F-438A-9362-D70B6D50C240}"
EndProject
Global
	GlobalSection(SolutionConfigurationPlatforms) = preSolution
		Debug|Any CPU = Debug|Any CPU
		Release|Any CPU = Release|Any CPU
	EndGlobalSection
	GlobalSection(ProjectConfigurationPlatforms) = postSolution
		{22B81C47-5BFF-41D1-AD9E-ECC1BA7DD40E}.Debug|Any CPU.ActiveCfg = Debug|Any CPU
		{22B81C47-5BFF-41D1-AD9E-ECC1BA7DD40E}.Debug|Any CPU.Build.0 = Debug|Any CPU
		{22B81C47-5BFF-41D1-AD9E-ECC1BA7DD40E}.Release|Any CPU.ActiveCfg = Release|Any CPU
		{22B81C47-5BFF-41D1-AD9E-ECC1BA7DD40E}.Release|Any CPU.Build.0 = Release|Any CPU
		{5CC9A9E7-498F-438A-9362-D70B6D50C240}.Debug|Any CPU.ActiveCfg = Debug|Any CPU
		{5CC9A9E7-498F-438A-9362-D70B6D50C240}.Debug|Any CPU.Build.0 = Debug|Any CPU
		{5CC9A9E7-498F-438A-9362-D70B6D50C240}.Release|Any CPU.ActiveCfg = Release|Any CPU
		{5CC9A9E7-498F-438A-9362-D70B6D50C240}.Release|Any CPU.Build.0 = Release|Any CPU
	EndGlobalSection
	GlobalSection(SolutionProperties) = preSolution
		HideSolutionNode = FALSE
	EndGlobalSection
	GlobalSection(ExtensibilityGlobals) = postSolution
		SolutionGuid = {4F4D1DA0-6F10-4DB1-BABF-62A34F4388C6}
	EndGlobalSection
EndGlobal
